
Microsoft Visual Studio Solution File, Format Version 12.00
# Visual Studio 15
VisualStudioVersion = 15.0.27130.2020
MinimumVisualStudioVersion = 10.0.40219.1
Project("{FAE04EC0-301F-11D3-BF4B-00C04F79EFBC}") = "TypeAndVariables", "TypeAndVariables\TypeAndVariables.csproj", "{A8AEE998-8405-445A-A061-037CC8F3B457}"
EndProject
Project("{FAE04EC0-301F-11D3-BF4B-00C04F79EFBC}") = "Conditionals", "Conditionals\Conditionals.csproj", "{23D24206-9CB8-4286-81BF-9497BBA3BFCA}"
EndProject
Global
	GlobalSection(SolutionConfigurationPlatforms) = preSolution
		Debug|Any CPU = Debug|Any CPU
		Release|Any CPU = Release|Any CPU
	EndGlobalSection
	GlobalSection(ProjectConfigurationPlatforms) = postSolution
		{A8AEE998-8405-445A-A061-037CC8F3B457}.Debug|Any CPU.ActiveCfg = Debug|Any CPU
		{A8AEE998-8405-445A-A061-037CC8F3B457}.Debug|Any CPU.Build.0 = Debug|Any CPU
		{A8AEE998-8405-445A-A061-037CC8F3B457}.Release|Any CPU.ActiveCfg = Release|Any CPU
		{A8AEE998-8405-445A-A061-037CC8F3B457}.Release|Any CPU.Build.0 = Release|Any CPU
		{23D24206-9CB8-4286-81BF-9497BBA3BFCA}.Debug|Any CPU.ActiveCfg = Debug|Any CPU
		{23D24206-9CB8-4286-81BF-9497BBA3BFCA}.Debug|Any CPU.Build.0 = Debug|Any CPU
		{23D24206-9CB8-4286-81BF-9497BBA3BFCA}.Release|Any CPU.ActiveCfg = Release|Any CPU
		{23D24206-9CB8-4286-81BF-9497BBA3BFCA}.Release|Any CPU.Build.0 = Release|Any CPU
	EndGlobalSection
	GlobalSection(SolutionProperties) = preSolution
		HideSolutionNode = FALSE
	EndGlobalSection
	GlobalSection(ExtensibilityGlobals) = postSolution
		SolutionGuid = {87E3234C-B246-422E-8EE2-CA135D1C4EAF}
	EndGlobalSection
EndGlobal
